
Microsoft Visual Studio Solution File, Format Version 12.00
# Visual Studio 15
VisualStudioVersion = 15.0.28307.705
MinimumVisualStudioVersion = 10.0.40219.1
Project("{9A19103F-16F7-4668-BE54-9A1E7A4F7556}") = "ET_Tool", "Src\ET_Tool\ET_Tool.csproj", "{17499E36-5FAF-4C11-9AA4-6BDD839BD9D0}"
EndProject
Project("{9A19103F-16F7-4668-BE54-9A1E7A4F7556}") = "ET_Tool.L0.Tests", "Src\Tests\L0\ET_Tool.L0.Tests\ET_Tool.L0.Tests.csproj", "{E662FD63-92FD-408C-8C93-5B888AB9ABC3}"
EndProject
Project("{2150E333-8FDC-42A3-9474-1A3956D46DE8}") = "Tests", "Tests", "{A36F412D-F662-4C02-B4F0-A64C432B5535}"
EndProject
Project("{2150E333-8FDC-42A3-9474-1A3956D46DE8}") = "Src", "Src", "{40B17FE3-237E-470B-82A6-5BC5AFA4120A}"
EndProject
Project("{2150E333-8FDC-42A3-9474-1A3956D46DE8}") = "Doc", "Doc", "{2BD32E82-3EC0-4555-89AF-7D26871956E2}"
EndProject
Project("{2150E333-8FDC-42A3-9474-1A3956D46DE8}") = "Sample", "Sample", "{0241044E-CEF1-4BA5-9E2D-0DA75A32C86C}"
EndProject
Project("{2150E333-8FDC-42A3-9474-1A3956D46DE8}") = "Data", "Data", "{A2B6BFF5-6F56-4E30-AA80-3B96D30B32DD}"
	ProjectSection(SolutionItems) = preProject
		Data\geo_unlocode\code-list.csv = Data\geo_unlocode\code-list.csv
		Data\geo_unlocode\country.txt = Data\geo_unlocode\country.txt
		Data\geo_unlocode\function_list.txt = Data\geo_unlocode\function_list.txt
	EndProjectSection
EndProject
Project("{9A19103F-16F7-4668-BE54-9A1E7A4F7556}") = "ET_Tool.Business", "Src\ET_Tool.Business\ET_Tool.Business.csproj", "{752A4D86-AEE5-4694-A581-0FBB38E0F597}"
EndProject
Project("{9A19103F-16F7-4668-BE54-9A1E7A4F7556}") = "ET_Tool.Injection", "Src\ET_Tool.Injection\ET_Tool.Injection.csproj", "{13A1F7E5-5B4B-4C83-94E0-93B467201EB7}"
EndProject
Project("{9A19103F-16F7-4668-BE54-9A1E7A4F7556}") = "ET_Tool.Common", "Src\ET_Tool.Common\ET_Tool.Common.csproj", "{E2A405D1-C14A-4932-BA4C-537BB9C827E3}"
EndProject
Project("{9A19103F-16F7-4668-BE54-9A1E7A4F7556}") = "ET_Tool.IO", "Src\ET_Tool.IO\ET_Tool.IO.csproj", "{505E4827-B6F1-4F11-BA1F-77CCFE6AD691}"
EndProject
Project("{9A19103F-16F7-4668-BE54-9A1E7A4F7556}") = "ET_Tool.L1.Tests", "Src\Tests\L1\ET_Tool.L1.Tests\ET_Tool.L1.Tests.csproj", "{671AF8C6-BA62-4CE6-BB4E-D2F86A232098}"
EndProject
Project("{2150E333-8FDC-42A3-9474-1A3956D46DE8}") = "L0", "L0", "{46D06C79-5814-431F-A7C8-AC5C985D49D9}"
EndProject
Project("{2150E333-8FDC-42A3-9474-1A3956D46DE8}") = "L1", "L1", "{FA3E3A9B-141A-41BB-88F9-9FC52A4BD5AB}"
EndProject
Project("{2150E333-8FDC-42A3-9474-1A3956D46DE8}") = "L2", "L2", "{5C54C778-1FBF-407A-BAB5-0BA8317155F2}"
EndProject
Project("{9A19103F-16F7-4668-BE54-9A1E7A4F7556}") = "ET_Tool.L2.Tests", "Src\Tests\L2\ET_Tool.L2.Tests\ET_Tool.L2.Tests.csproj", "{B100449D-E57B-499A-8690-A02B68F8DB48}"
EndProject
Global
	GlobalSection(SolutionConfigurationPlatforms) = preSolution
		Debug|Any CPU = Debug|Any CPU
		Release|Any CPU = Release|Any CPU
	EndGlobalSection
	GlobalSection(ProjectConfigurationPlatforms) = postSolution
		{17499E36-5FAF-4C11-9AA4-6BDD839BD9D0}.Debug|Any CPU.ActiveCfg = Debug|Any CPU
		{17499E36-5FAF-4C11-9AA4-6BDD839BD9D0}.Debug|Any CPU.Build.0 = Debug|Any CPU
		{17499E36-5FAF-4C11-9AA4-6BDD839BD9D0}.Release|Any CPU.ActiveCfg = Release|Any CPU
		{17499E36-5FAF-4C11-9AA4-6BDD839BD9D0}.Release|Any CPU.Build.0 = Release|Any CPU
		{E662FD63-92FD-408C-8C93-5B888AB9ABC3}.Debug|Any CPU.ActiveCfg = Debug|Any CPU
		{E662FD63-92FD-408C-8C93-5B888AB9ABC3}.Debug|Any CPU.Build.0 = Debug|Any CPU
		{E662FD63-92FD-408C-8C93-5B888AB9ABC3}.Release|Any CPU.ActiveCfg = Release|Any CPU
		{E662FD63-92FD-408C-8C93-5B888AB9ABC3}.Release|Any CPU.Build.0 = Release|Any CPU
		{752A4D86-AEE5-4694-A581-0FBB38E0F597}.Debug|Any CPU.ActiveCfg = Debug|Any CPU
		{752A4D86-AEE5-4694-A581-0FBB38E0F597}.Debug|Any CPU.Build.0 = Debug|Any CPU
		{752A4D86-AEE5-4694-A581-0FBB38E0F597}.Release|Any CPU.ActiveCfg = Release|Any CPU
		{752A4D86-AEE5-4694-A581-0FBB38E0F597}.Release|Any CPU.Build.0 = Release|Any CPU
		{13A1F7E5-5B4B-4C83-94E0-93B467201EB7}.Debug|Any CPU.ActiveCfg = Debug|Any CPU
		{13A1F7E5-5B4B-4C83-94E0-93B467201EB7}.Debug|Any CPU.Build.0 = Debug|Any CPU
		{13A1F7E5-5B4B-4C83-94E0-93B467201EB7}.Release|Any CPU.ActiveCfg = Release|Any CPU
		{13A1F7E5-5B4B-4C83-94E0-93B467201EB7}.Release|Any CPU.Build.0 = Release|Any CPU
		{E2A405D1-C14A-4932-BA4C-537BB9C827E3}.Debug|Any CPU.ActiveCfg = Debug|Any CPU
		{E2A405D1-C14A-4932-BA4C-537BB9C827E3}.Debug|Any CPU.Build.0 = Debug|Any CPU
		{E2A405D1-C14A-4932-BA4C-537BB9C827E3}.Release|Any CPU.ActiveCfg = Release|Any CPU
		{E2A405D1-C14A-4932-BA4C-537BB9C827E3}.Release|Any CPU.Build.0 = Release|Any CPU
		{505E4827-B6F1-4F11-BA1F-77CCFE6AD691}.Debug|Any CPU.ActiveCfg = Debug|Any CPU
		{505E4827-B6F1-4F11-BA1F-77CCFE6AD691}.Debug|Any CPU.Build.0 = Debug|Any CPU
		{505E4827-B6F1-4F11-BA1F-77CCFE6AD691}.Release|Any CPU.ActiveCfg = Release|Any CPU
		{505E4827-B6F1-4F11-BA1F-77CCFE6AD691}.Release|Any CPU.Build.0 = Release|Any CPU
		{671AF8C6-BA62-4CE6-BB4E-D2F86A232098}.Debug|Any CPU.ActiveCfg = Debug|Any CPU
		{671AF8C6-BA62-4CE6-BB4E-D2F86A232098}.Debug|Any CPU.Build.0 = Debug|Any CPU
		{671AF8C6-BA62-4CE6-BB4E-D2F86A232098}.Release|Any CPU.ActiveCfg = Release|Any CPU
		{671AF8C6-BA62-4CE6-BB4E-D2F86A232098}.Release|Any CPU.Build.0 = Release|Any CPU
		{B100449D-E57B-499A-8690-A02B68F8DB48}.Debug|Any CPU.ActiveCfg = Debug|Any CPU
		{B100449D-E57B-499A-8690-A02B68F8DB48}.Debug|Any CPU.Build.0 = Debug|Any CPU
		{B100449D-E57B-499A-8690-A02B68F8DB48}.Release|Any CPU.ActiveCfg = Release|Any CPU
		{B100449D-E57B-499A-8690-A02B68F8DB48}.Release|Any CPU.Build.0 = Release|Any CPU
	EndGlobalSection
	GlobalSection(SolutionProperties) = preSolution
		HideSolutionNode = FALSE
	EndGlobalSection
	GlobalSection(NestedProjects) = preSolution
		{17499E36-5FAF-4C11-9AA4-6BDD839BD9D0} = {40B17FE3-237E-470B-82A6-5BC5AFA4120A}
		{E662FD63-92FD-408C-8C93-5B888AB9ABC3} = {46D06C79-5814-431F-A7C8-AC5C985D49D9}
		{752A4D86-AEE5-4694-A581-0FBB38E0F597} = {40B17FE3-237E-470B-82A6-5BC5AFA4120A}
		{13A1F7E5-5B4B-4C83-94E0-93B467201EB7} = {40B17FE3-237E-470B-82A6-5BC5AFA4120A}
		{E2A405D1-C14A-4932-BA4C-537BB9C827E3} = {40B17FE3-237E-470B-82A6-5BC5AFA4120A}
		{505E4827-B6F1-4F11-BA1F-77CCFE6AD691} = {40B17FE3-237E-470B-82A6-5BC5AFA4120A}
		{671AF8C6-BA62-4CE6-BB4E-D2F86A232098} = {FA3E3A9B-141A-41BB-88F9-9FC52A4BD5AB}
		{46D06C79-5814-431F-A7C8-AC5C985D49D9} = {A36F412D-F662-4C02-B4F0-A64C432B5535}
		{FA3E3A9B-141A-41BB-88F9-9FC52A4BD5AB} = {A36F412D-F662-4C02-B4F0-A64C432B5535}
		{5C54C778-1FBF-407A-BAB5-0BA8317155F2} = {A36F412D-F662-4C02-B4F0-A64C432B5535}
		{B100449D-E57B-499A-8690-A02B68F8DB48} = {5C54C778-1FBF-407A-BAB5-0BA8317155F2}
	EndGlobalSection
	GlobalSection(ExtensibilityGlobals) = postSolution
		SolutionGuid = {1B2250DE-5204-44EF-ABC5-E81B9C17592F}
	EndGlobalSection
EndGlobal
